
Microsoft Visual Studio Solution File, Format Version 12.00
# Visual Studio Version 16
VisualStudioVersion = 16.0.30413.136
MinimumVisualStudioVersion = 10.0.40219.1
Project("{8BC9CEB8-8B4A-11D0-8D11-00A0C91BC942}") = "CS545_HW1", "CS545_HW1\CS545_HW1.vcxproj", "{74AC420E-105F-4F99-85F2-158A037B0994}"
EndProject
Global
	GlobalSection(SolutionConfigurationPlatforms) = preSolution
		Debug|x64 = Debug|x64
		Debug|x86 = Debug|x86
		Release|x64 = Release|x64
		Release|x86 = Release|x86
	EndGlobalSection
	GlobalSection(ProjectConfigurationPlatforms) = postSolution
		{74AC420E-105F-4F99-85F2-158A037B0994}.Debug|x64.ActiveCfg = Debug|x64
		{74AC420E-105F-4F99-85F2-158A037B0994}.Debug|x64.Build.0 = Debug|x64
		{74AC420E-105F-4F99-85F2-158A037B0994}.Debug|x86.ActiveCfg = Debug|Win32
		{74AC420E-105F-4F99-85F2-158A037B0994}.Debug|x86.Build.0 = Debug|Win32
		{74AC420E-105F-4F99-85F2-158A037B0994}.Release|x64.ActiveCfg = Release|x64
		{74AC420E-105F-4F99-85F2-158A037B0994}.Release|x64.Build.0 = Release|x64
		{74AC420E-105F-4F99-85F2-158A037B0994}.Release|x86.ActiveCfg = Release|Win32
		{74AC420E-105F-4F99-85F2-158A037B0994}.Release|x86.Build.0 = Release|Win32
	EndGlobalSection
	GlobalSection(SolutionProperties) = preSolution
		HideSolutionNode = FALSE
	EndGlobalSection
	GlobalSection(ExtensibilityGlobals) = postSolution
		SolutionGuid = {4E8FC406-3D8B-41F3-ACCA-E57CECAE9000}
	EndGlobalSection
EndGlobal
